# THIS IS AN AUTOGENERATED FILE. DO NOT EDIT THIS FILE DIRECTLY.
# yarn lockfile v1


"@airbrake/browser@^2.1.3":
  version "2.1.8"
  resolved "https://registry.yarnpkg.com/@airbrake/browser/-/browser-2.1.8.tgz#809001e528f8d4e3cb8fc8648ac6fdfb98ad0bda"
  integrity sha512-3xzpkQUq48R+hVbGlxUFLnv8dZg7M9OhBceX473ZrX4osxgfuKRqB+ecNawevKOftBrsjK2gNBayCXTbE+yFzQ==
  dependencies:
    "@types/promise-polyfill" "^6.0.3"
    "@types/request" "2.48.8"
    cross-fetch "^3.1.5"
    error-stack-parser "^2.0.4"
    promise-polyfill "^8.1.3"
    tdigest "^0.1.1"

"@csstools/normalize.css@^12.0.0":
  version "12.0.0"
  resolved "https://registry.yarnpkg.com/@csstools/normalize.css/-/normalize.css-12.0.0.tgz#a9583a75c3f150667771f30b60d9f059473e62c4"
  integrity sha512-M0qqxAcwCsIVfpFQSlGN5XjXWu8l5JDZN+fPt1LeW5SZexQTgnaEvgXAY+CeygRw0EeppWHi12JxESWiWrB0Sg==

"@esbuild/android-arm64@0.19.4":
  version "0.19.4"
  resolved "https://registry.yarnpkg.com/@esbuild/android-arm64/-/android-arm64-0.19.4.tgz#74752a09301b8c6b9a415fbda9fb71406a62a7b7"
  integrity sha512-mRsi2vJsk4Bx/AFsNBqOH2fqedxn5L/moT58xgg51DjX1la64Z3Npicut2VbhvDFO26qjWtPMsVxCd80YTFVeg==

"@esbuild/android-arm@0.19.4":
  version "0.19.4"
  resolved "https://registry.yarnpkg.com/@esbuild/android-arm/-/android-arm-0.19.4.tgz#c27363e1e280e577d9b5c8fa7c7a3be2a8d79bf5"
  integrity sha512-uBIbiYMeSsy2U0XQoOGVVcpIktjLMEKa7ryz2RLr7L/vTnANNEsPVAh4xOv7ondGz6ac1zVb0F8Jx20rQikffQ==

"@esbuild/android-x64@0.19.4":
  version "0.19.4"
  resolved "https://registry.yarnpkg.com/@esbuild/android-x64/-/android-x64-0.19.4.tgz#6c9ee03d1488973d928618100048b75b147e0426"
  integrity sha512-4iPufZ1TMOD3oBlGFqHXBpa3KFT46aLl6Vy7gwed0ZSYgHaZ/mihbYb4t7Z9etjkC9Al3ZYIoOaHrU60gcMy7g==

"@esbuild/darwin-arm64@0.19.4":
  version "0.19.4"
  resolved "https://registry.yarnpkg.com/@esbuild/darwin-arm64/-/darwin-arm64-0.19.4.tgz#64e2ee945e5932cd49812caa80e8896e937e2f8b"
  integrity sha512-Lviw8EzxsVQKpbS+rSt6/6zjn9ashUZ7Tbuvc2YENgRl0yZTktGlachZ9KMJUsVjZEGFVu336kl5lBgDN6PmpA==

"@esbuild/darwin-x64@0.19.4":
  version "0.19.4"
  resolved "https://registry.yarnpkg.com/@esbuild/darwin-x64/-/darwin-x64-0.19.4.tgz#d8e26e1b965df284692e4d1263ba69a49b39ac7a"
  integrity sha512-YHbSFlLgDwglFn0lAO3Zsdrife9jcQXQhgRp77YiTDja23FrC2uwnhXMNkAucthsf+Psr7sTwYEryxz6FPAVqw==

"@esbuild/freebsd-arm64@0.19.4":
  version "0.19.4"
  resolved "https://registry.yarnpkg.com/@esbuild/freebsd-arm64/-/freebsd-arm64-0.19.4.tgz#29751a41b242e0a456d89713b228f1da4f45582f"
  integrity sha512-vz59ijyrTG22Hshaj620e5yhs2dU1WJy723ofc+KUgxVCM6zxQESmWdMuVmUzxtGqtj5heHyB44PjV/HKsEmuQ==

"@esbuild/freebsd-x64@0.19.4":
  version "0.19.4"
  resolved "https://registry.yarnpkg.com/@esbuild/freebsd-x64/-/freebsd-x64-0.19.4.tgz#873edc0f73e83a82432460ea59bf568c1e90b268"
  integrity sha512-3sRbQ6W5kAiVQRBWREGJNd1YE7OgzS0AmOGjDmX/qZZecq8NFlQsQH0IfXjjmD0XtUYqr64e0EKNFjMUlPL3Cw==

"@esbuild/linux-arm64@0.19.4":
  version "0.19.4"
  resolved "https://registry.yarnpkg.com/@esbuild/linux-arm64/-/linux-arm64-0.19.4.tgz#659f2fa988d448dbf5010b5cc583be757cc1b914"
  integrity sha512-ZWmWORaPbsPwmyu7eIEATFlaqm0QGt+joRE9sKcnVUG3oBbr/KYdNE2TnkzdQwX6EDRdg/x8Q4EZQTXoClUqqA==

"@esbuild/linux-arm@0.19.4":
  version "0.19.4"
  resolved "https://registry.yarnpkg.com/@esbuild/linux-arm/-/linux-arm-0.19.4.tgz#d5b13a7ec1f1c655ce05c8d319b3950797baee55"
  integrity sha512-z/4ArqOo9EImzTi4b6Vq+pthLnepFzJ92BnofU1jgNlcVb+UqynVFdoXMCFreTK7FdhqAzH0vmdwW5373Hm9pg==

"@esbuild/linux-ia32@0.19.4":
  version "0.19.4"
  resolved "https://registry.yarnpkg.com/@esbuild/linux-ia32/-/linux-ia32-0.19.4.tgz#878cd8bf24c9847c77acdb5dd1b2ef6e4fa27a82"
  integrity sha512-EGc4vYM7i1GRUIMqRZNCTzJh25MHePYsnQfKDexD8uPTCm9mK56NIL04LUfX2aaJ+C9vyEp2fJ7jbqFEYgO9lQ==

"@esbuild/linux-loong64@0.19.4":
  version "0.19.4"
  resolved "https://registry.yarnpkg.com/@esbuild/linux-loong64/-/linux-loong64-0.19.4.tgz#df890499f6e566b7de3aa2361be6df2b8d5fa015"
  integrity sha512-WVhIKO26kmm8lPmNrUikxSpXcgd6HDog0cx12BUfA2PkmURHSgx9G6vA19lrlQOMw+UjMZ+l3PpbtzffCxFDRg==

"@esbuild/linux-mips64el@0.19.4":
  version "0.19.4"
  resolved "https://registry.yarnpkg.com/@esbuild/linux-mips64el/-/linux-mips64el-0.19.4.tgz#76eae4e88d2ce9f4f1b457e93892e802851b6807"
  integrity sha512-keYY+Hlj5w86hNp5JJPuZNbvW4jql7c1eXdBUHIJGTeN/+0QFutU3GrS+c27L+NTmzi73yhtojHk+lr2+502Mw==

"@esbuild/linux-ppc64@0.19.4":
  version "0.19.4"
  resolved "https://registry.yarnpkg.com/@esbuild/linux-ppc64/-/linux-ppc64-0.19.4.tgz#c49032f4abbcfa3f747b543a106931fe3dce41ff"
  integrity sha512-tQ92n0WMXyEsCH4m32S21fND8VxNiVazUbU4IUGVXQpWiaAxOBvtOtbEt3cXIV3GEBydYsY8pyeRMJx9kn3rvw==

"@esbuild/linux-riscv64@0.19.4":
  version "0.19.4"
  resolved "https://registry.yarnpkg.com/@esbuild/linux-riscv64/-/linux-riscv64-0.19.4.tgz#0f815a090772138503ee0465a747e16865bf94b1"
  integrity sha512-tRRBey6fG9tqGH6V75xH3lFPpj9E8BH+N+zjSUCnFOX93kEzqS0WdyJHkta/mmJHn7MBaa++9P4ARiU4ykjhig==

"@esbuild/linux-s390x@0.19.4":
  version "0.19.4"
  resolved "https://registry.yarnpkg.com/@esbuild/linux-s390x/-/linux-s390x-0.19.4.tgz#8d2cca20cd4e7c311fde8701d9f1042664f8b92b"
  integrity sha512-152aLpQqKZYhThiJ+uAM4PcuLCAOxDsCekIbnGzPKVBRUDlgaaAfaUl5NYkB1hgY6WN4sPkejxKlANgVcGl9Qg==

"@esbuild/linux-x64@0.19.4":
  version "0.19.4"
  resolved "https://registry.yarnpkg.com/@esbuild/linux-x64/-/linux-x64-0.19.4.tgz#f618bec2655de49bff91c588777e37b5e3169d4a"
  integrity sha512-Mi4aNA3rz1BNFtB7aGadMD0MavmzuuXNTaYL6/uiYIs08U7YMPETpgNn5oue3ICr+inKwItOwSsJDYkrE9ekVg==

"@esbuild/netbsd-x64@0.19.4":
  version "0.19.4"
  resolved "https://registry.yarnpkg.com/@esbuild/netbsd-x64/-/netbsd-x64-0.19.4.tgz#7889744ca4d60f1538d62382b95e90a49687cef2"
  integrity sha512-9+Wxx1i5N/CYo505CTT7T+ix4lVzEdz0uCoYGxM5JDVlP2YdDC1Bdz+Khv6IbqmisT0Si928eAxbmGkcbiuM/A==

"@esbuild/openbsd-x64@0.19.4":
  version "0.19.4"
  resolved "https://registry.yarnpkg.com/@esbuild/openbsd-x64/-/openbsd-x64-0.19.4.tgz#c3e436eb9271a423d2e8436fcb120e3fd90e2b01"
  integrity sha512-MFsHleM5/rWRW9EivFssop+OulYVUoVcqkyOkjiynKBCGBj9Lihl7kh9IzrreDyXa4sNkquei5/DTP4uCk25xw==

"@esbuild/sunos-x64@0.19.4":
  version "0.19.4"
  resolved "https://registry.yarnpkg.com/@esbuild/sunos-x64/-/sunos-x64-0.19.4.tgz#f63f5841ba8c8c1a1c840d073afc99b53e8ce740"
  integrity sha512-6Xq8SpK46yLvrGxjp6HftkDwPP49puU4OF0hEL4dTxqCbfx09LyrbUj/D7tmIRMj5D5FCUPksBbxyQhp8tmHzw==

"@esbuild/win32-arm64@0.19.4":
  version "0.19.4"
  resolved "https://registry.yarnpkg.com/@esbuild/win32-arm64/-/win32-arm64-0.19.4.tgz#80be69cec92da4da7781cf7a8351b95cc5a236b0"
  integrity sha512-PkIl7Jq4mP6ke7QKwyg4fD4Xvn8PXisagV/+HntWoDEdmerB2LTukRZg728Yd1Fj+LuEX75t/hKXE2Ppk8Hh1w==

"@esbuild/win32-ia32@0.19.4":
  version "0.19.4"
  resolved "https://registry.yarnpkg.com/@esbuild/win32-ia32/-/win32-ia32-0.19.4.tgz#15dc0ed83d2794872b05d8edc4a358fecf97eb54"
  integrity sha512-ga676Hnvw7/ycdKB53qPusvsKdwrWzEyJ+AtItHGoARszIqvjffTwaaW3b2L6l90i7MO9i+dlAW415INuRhSGg==

"@esbuild/win32-x64@0.19.4":
  version "0.19.4"
  resolved "https://registry.yarnpkg.com/@esbuild/win32-x64/-/win32-x64-0.19.4.tgz#d46a6e220a717f31f39ae80f49477cc3220be0f0"
  integrity sha512-HP0GDNla1T3ZL8Ko/SHAS2GgtjOg+VmWnnYLhuTksr++EnduYB0f3Y2LzHsUwb2iQ13JGoY6G3R8h6Du/WG6uA==

"@popperjs/core@^2.11.5", "@popperjs/core@^2.9.0":
  version "2.11.8"
  resolved "https://registry.yarnpkg.com/@popperjs/core/-/core-2.11.8.tgz#6b79032e760a0899cd4204710beede972a3a185f"
  integrity sha512-P1st0aksCrn9sGZhp8GMYwBnQsbvAWsZAX44oXNNvLHGqAOcoVxmjZiohstwQ7SqKnbR47akdNi+uleWD8+g6A==

"@rails/actioncable@^7.0.7":
  version "7.0.8"
  resolved "https://registry.yarnpkg.com/@rails/actioncable/-/actioncable-7.0.8.tgz#f44e7517f2d1570f1eabeea457dbeb17ed3a2d12"
  integrity sha512-GjYQv89ZOOfbFw8VMNUOG33GXzyAA/TCVoD+742Ob4svm1XXUkd+w+ewqUXd+7VHQtV35y1/O78AGIPeJDTy/g==

"@rails/activestorage@^7.0.7":
  version "7.0.8"
  resolved "https://registry.yarnpkg.com/@rails/activestorage/-/activestorage-7.0.8.tgz#7ea8a656b5621e0dc57f51e3ad2f06c3af30d3ea"
  integrity sha512-CxPyCxTV0HIaZP8qqH11tkESNl8TrQsIAesAgeOXDOl0BkaN6nC0/Mq2/0ngezBu9CZbFzfHtP2g6Yl8BWkV8g==
  dependencies:
    spark-md5 "^3.0.1"

"@types/caseless@*":
  version "0.12.3"
  resolved "https://registry.yarnpkg.com/@types/caseless/-/caseless-0.12.3.tgz#8f7d6c8b536af838966b77ce73d63562561d2b92"
  integrity sha512-ZD/NsIJYq/2RH+hY7lXmstfp/v9djGt9ah+xRQ3pcgR79qiKsG4pLl25AI7IcXxVO8dH9GiBE5rAknC0ePntlw==

"@types/node@*":
  version "20.7.2"
  resolved "https://registry.yarnpkg.com/@types/node/-/node-20.7.2.tgz#0bdc211f8c2438cfadad26dc8c040a874d478aed"
  integrity sha512-RcdC3hOBOauLP+r/kRt27NrByYtDjsXyAuSbR87O6xpsvi763WI+5fbSIvYJrXnt9w4RuxhV6eAXfIs7aaf/FQ==

"@types/promise-polyfill@^6.0.3":
  version "6.0.4"
  resolved "https://registry.yarnpkg.com/@types/promise-polyfill/-/promise-polyfill-6.0.4.tgz#c56670c70c601264c67191a85875fe2cf98a4cfd"
  integrity sha512-GSCjjH6mDS8jgpT22rEOkZVqZcYj7i9AHJu4ntpvoohEpa0mLAKP/Kz3POMKqABaFsS4TyNHOeoyWpzycddcoQ==

"@types/request@2.48.8":
  version "2.48.8"
  resolved "https://registry.yarnpkg.com/@types/request/-/request-2.48.8.tgz#0b90fde3b655ab50976cb8c5ac00faca22f5a82c"
  integrity sha512-whjk1EDJPcAR2kYHRbFl/lKeeKYTi05A15K9bnLInCVroNDCtXce57xKdI0/rQaA3K+6q0eFyUBPmqfSndUZdQ==
  dependencies:
    "@types/caseless" "*"
    "@types/node" "*"
    "@types/tough-cookie" "*"
    form-data "^2.5.0"

"@types/tough-cookie@*":
  version "4.0.3"
  resolved "https://registry.yarnpkg.com/@types/tough-cookie/-/tough-cookie-4.0.3.tgz#3d06b6769518450871fbc40770b7586334bdfd90"
  integrity sha512-THo502dA5PzG/sfQH+42Lw3fvmYkceefOspdCwpHRul8ik2Jv1K8I5OZz1AT3/rs46kwgMCe9bSBmDLYkkOMGg==

asynckit@^0.4.0:
  version "0.4.0"
  resolved "https://registry.yarnpkg.com/asynckit/-/asynckit-0.4.0.tgz#c79ed97f7f34cb8f2ba1bc9790bcc366474b4b79"
  integrity sha512-Oei9OH4tRh0YqU3GxhX79dM/mwVgvbZJaSNaRk+bshkj0S5cfHcgYakreBjrHwatXKbz+IoIdYLxrKim2MjW0Q==

bintrees@1.0.2:
  version "1.0.2"
  resolved "https://registry.yarnpkg.com/bintrees/-/bintrees-1.0.2.tgz#49f896d6e858a4a499df85c38fb399b9aff840f8"
  integrity sha512-VOMgTMwjAaUG580SXn3LacVgjurrbMme7ZZNYGSSV7mmtY6QQRh0Eg3pwIcntQ77DErK1L0NxkbetjcoXzVwKw==

bootstrap@^5.2.0:
  version "5.3.2"
  resolved "https://registry.yarnpkg.com/bootstrap/-/bootstrap-5.3.2.tgz#97226583f27aae93b2b28ab23f4c114757ff16ae"
  integrity sha512-D32nmNWiQHo94BKHLmOrdjlL05q1c8oxbtBphQFb9Z5to6eGRDCm0QgeaZ4zFBHzfg2++rqa2JkqCcxDy0sH0g==

combined-stream@^1.0.6:
  version "1.0.8"
  resolved "https://registry.yarnpkg.com/combined-stream/-/combined-stream-1.0.8.tgz#c3d45a8b34fd730631a110a8a2520682b31d5a7f"
  integrity sha512-FQN4MRfuJeHf7cBbBMJFXhKSDq+2kAArBlmRBvcvFE5BB1HZKXtSFASDhdlz9zOYwxh8lDdnvmMOe/+5cdoEdg==
  dependencies:
    delayed-stream "~1.0.0"

cross-fetch@^3.1.5:
  version "3.1.8"
  resolved "https://registry.yarnpkg.com/cross-fetch/-/cross-fetch-3.1.8.tgz#0327eba65fd68a7d119f8fb2bf9334a1a7956f82"
  integrity sha512-cvA+JwZoU0Xq+h6WkMvAUqPEYy92Obet6UdKLfW60qn99ftItKjB5T+BkyWOFWe2pUyfQ+IJHmpOTznqk1M6Kg==
  dependencies:
    node-fetch "^2.6.12"

delayed-stream@~1.0.0:
  version "1.0.0"
  resolved "https://registry.yarnpkg.com/delayed-stream/-/delayed-stream-1.0.0.tgz#df3ae199acadfb7d440aaae0b29e2272b24ec619"
  integrity sha512-ZySD7Nf91aLB0RxL4KGrKHBXl7Eds1DAmEdcoVawXnLD7SDhpNgtuII2aAkg7a7QS41jxPSZ17p4VdGnMHk3MQ==

error-stack-parser@^2.0.4:
  version "2.1.4"
  resolved "https://registry.yarnpkg.com/error-stack-parser/-/error-stack-parser-2.1.4.tgz#229cb01cdbfa84440bfa91876285b94680188286"
  integrity sha512-Sk5V6wVazPhq5MhpO+AUxJn5x7XSXGl1R93Vn7i+zS15KDVxQijejNCrz8340/2bgLBjR9GtEG8ZVKONDjcqGQ==
  dependencies:
    stackframe "^1.3.4"

esbuild@^0.19.1:
  version "0.19.4"
  resolved "https://registry.yarnpkg.com/esbuild/-/esbuild-0.19.4.tgz#cdf5c4c684956d550bc3c6d0c01dac7fef6c75b1"
  integrity sha512-x7jL0tbRRpv4QUyuDMjONtWFciygUxWaUM1kMX2zWxI0X2YWOt7MSA0g4UdeSiHM8fcYVzpQhKYOycZwxTdZkA==
  optionalDependencies:
    "@esbuild/android-arm" "0.19.4"
    "@esbuild/android-arm64" "0.19.4"
    "@esbuild/android-x64" "0.19.4"
    "@esbuild/darwin-arm64" "0.19.4"
    "@esbuild/darwin-x64" "0.19.4"
    "@esbuild/freebsd-arm64" "0.19.4"
    "@esbuild/freebsd-x64" "0.19.4"
    "@esbuild/linux-arm" "0.19.4"
    "@esbuild/linux-arm64" "0.19.4"
    "@esbuild/linux-ia32" "0.19.4"
    "@esbuild/linux-loong64" "0.19.4"
    "@esbuild/linux-mips64el" "0.19.4"
    "@esbuild/linux-ppc64" "0.19.4"
    "@esbuild/linux-riscv64" "0.19.4"
    "@esbuild/linux-s390x" "0.19.4"
    "@esbuild/linux-x64" "0.19.4"
    "@esbuild/netbsd-x64" "0.19.4"
    "@esbuild/openbsd-x64" "0.19.4"
    "@esbuild/sunos-x64" "0.19.4"
    "@esbuild/win32-arm64" "0.19.4"
    "@esbuild/win32-ia32" "0.19.4"
    "@esbuild/win32-x64" "0.19.4"

form-data@^2.5.0:
  version "2.5.1"
  resolved "https://registry.yarnpkg.com/form-data/-/form-data-2.5.1.tgz#f2cbec57b5e59e23716e128fe44d4e5dd23895f4"
  integrity sha512-m21N3WOmEEURgk6B9GLOE4RuWOFf28Lhh9qGYeNlGq4VDXUlJy2th2slBNU8Gp8EzloYZOibZJ7t5ecIrFSjVA==
  dependencies:
    asynckit "^0.4.0"
    combined-stream "^1.0.6"
    mime-types "^2.1.12"

ilyabirman-likely@^2.4.0:
  version "2.8.0"
  resolved "https://registry.yarnpkg.com/ilyabirman-likely/-/ilyabirman-likely-2.8.0.tgz#b8f834451c76ad46fd3b843f0b4e61ec9bf64586"
  integrity sha512-jtEQ1TNGbxGf4u57HJf5n1qtIzSQvZ/Z+ghI6paCg5MdEGDag2YfXLOzWfMhgnNQZA8oFG/xcnUFNzrjC/5lZQ==

keypress.js@^2.1.5:
  version "2.1.5"
  resolved "https://registry.yarnpkg.com/keypress.js/-/keypress.js-2.1.5.tgz#38f96d1ded85f56115a0cafd9908e727bcd1b348"
  integrity sha512-PQpeWxG6vNuTT0Gq20LyAzqSpeBWtQ6DTYIJB7JMJEetgF730Om9e6y82GdEv06o1iaJiH1hh2JpSOXK3zIAdA==

mime-db@1.52.0:
  version "1.52.0"
  resolved "https://registry.yarnpkg.com/mime-db/-/mime-db-1.52.0.tgz#bbabcdc02859f4987301c856e3387ce5ec43bf70"
  integrity sha512-sPU4uV7dYlvtWJxwwxHD0PuihVNiE7TyAbQ5SWxDCB9mUYvOgroQOwYQQOKPJ8CIbE+1ETVlOoK1UC2nU3gYvg==

mime-types@^2.1.12:
  version "2.1.35"
  resolved "https://registry.yarnpkg.com/mime-types/-/mime-types-2.1.35.tgz#381a871b62a734450660ae3deee44813f70d959a"
  integrity sha512-ZDY+bPm5zTTF+YpCrAU9nK0UgICYPT0QtT1NZWFv4s++TNkcgVaT0g6+4R2uI4MjQjzysHB1zxuWL50hzaeXiw==
  dependencies:
    mime-db "1.52.0"

node-fetch@^2.6.12:
  version "2.7.0"
  resolved "https://registry.yarnpkg.com/node-fetch/-/node-fetch-2.7.0.tgz#d0f0fa6e3e2dc1d27efcd8ad99d550bda94d187d"
  integrity sha512-c4FRfUm/dbcWZ7U+1Wq0AwCyFL+3nt2bEw05wfxSz+DWpWsitgmSgYmy2dQdWyKC1694ELPqMs/YzUSNozLt8A==
  dependencies:
    whatwg-url "^5.0.0"

promise-polyfill@^8.1.3:
  version "8.3.0"
  resolved "https://registry.yarnpkg.com/promise-polyfill/-/promise-polyfill-8.3.0.tgz#9284810268138d103807b11f4e23d5e945a4db63"
  integrity sha512-H5oELycFml5yto/atYqmjyigJoAo3+OXwolYiH7OfQuYlAqhxNvTfiNMbV9hsC6Yp83yE5r2KTVmtrG6R9i6Pg==

spark-md5@^3.0.1:
  version "3.0.2"
  resolved "https://registry.yarnpkg.com/spark-md5/-/spark-md5-3.0.2.tgz#7952c4a30784347abcee73268e473b9c0167e3fc"
  integrity sha512-wcFzz9cDfbuqe0FZzfi2or1sgyIrsDwmPwfZC4hiNidPdPINjeUwNfv5kldczoEAcjl9Y1L3SM7Uz2PUEQzxQw==

stackframe@^1.3.4:
  version "1.3.4"
  resolved "https://registry.yarnpkg.com/stackframe/-/stackframe-1.3.4.tgz#b881a004c8c149a5e8efef37d51b16e412943310"
  integrity sha512-oeVtt7eWQS+Na6F//S4kJ2K2VbRlS9D43mAlMyVpVWovy9o+jfgH8O9agzANzaiLjclA0oYzUXEM4PurhSUChw==

tdigest@^0.1.1:
  version "0.1.2"
  resolved "https://registry.yarnpkg.com/tdigest/-/tdigest-0.1.2.tgz#96c64bac4ff10746b910b0e23b515794e12faced"
  integrity sha512-+G0LLgjjo9BZX2MfdvPfH+MKLCrxlXSYec5DaPYP1fe6Iyhf0/fSmJ0bFiZ1F8BT6cGXl2LpltQptzjXKWEkKA==
  dependencies:
    bintrees "1.0.2"

tippy.js@^6.3.7:
  version "6.3.7"
  resolved "https://registry.yarnpkg.com/tippy.js/-/tippy.js-6.3.7.tgz#8ccfb651d642010ed9a32ff29b0e9e19c5b8c61c"
  integrity sha512-E1d3oP2emgJ9dRQZdf3Kkn0qJgI6ZLpyS5z6ZkY1DF3kaQaBsGZsndEpHwx+eC+tYM41HaSNvNtLx8tU57FzTQ==
  dependencies:
    "@popperjs/core" "^2.9.0"

tr46@~0.0.3:
  version "0.0.3"
  resolved "https://registry.yarnpkg.com/tr46/-/tr46-0.0.3.tgz#8184fd347dac9cdc185992f3a6622e14b9d9ab6a"
  integrity sha512-N3WMsuqV66lT30CrXNbEjx4GEwlow3v6rr4mCcv6prnfwhS01rkgyFdjPNBYd9br7LpXV1+Emh01fHnq2Gdgrw==

webidl-conversions@^3.0.0:
  version "3.0.1"
  resolved "https://registry.yarnpkg.com/webidl-conversions/-/webidl-conversions-3.0.1.tgz#24534275e2a7bc6be7bc86611cc16ae0a5654871"
  integrity sha512-2JAn3z8AR6rjK8Sm8orRC0h/bcl/DqL7tRPdGZ4I1CjdF+EaMLmYxBHyXuKL849eucPFhvBoxMsflfOb8kxaeQ==

whatwg-url@^5.0.0:
  version "5.0.0"
  resolved "https://registry.yarnpkg.com/whatwg-url/-/whatwg-url-5.0.0.tgz#966454e8765462e37644d3626f6742ce8b70965d"
  integrity sha512-saE57nupxk6v3HY35+jzBwYa0rKSy0XR8JSxZPwgLr7ys0IBzhGviA1/TUGJLmSVqs8pb9AnvICXEuOHLprYTw==
  dependencies:
    tr46 "~0.0.3"
    webidl-conversions "^3.0.0"
