# THIS IS AN AUTOGENERATED FILE. DO NOT EDIT THIS FILE DIRECTLY.
# yarn lockfile v1


"@airbrake/browser@^2.1.3":
  version "2.1.8"
  resolved "https://registry.yarnpkg.com/@airbrake/browser/-/browser-2.1.8.tgz#809001e528f8d4e3cb8fc8648ac6fdfb98ad0bda"
  integrity sha512-3xzpkQUq48R+hVbGlxUFLnv8dZg7M9OhBceX473ZrX4osxgfuKRqB+ecNawevKOftBrsjK2gNBayCXTbE+yFzQ==
  dependencies:
    "@types/promise-polyfill" "^6.0.3"
    "@types/request" "2.48.8"
    cross-fetch "^3.1.5"
    error-stack-parser "^2.0.4"
    promise-polyfill "^8.1.3"
    tdigest "^0.1.1"

"@csstools/normalize.css@^12.0.0":
  version "12.0.0"
  resolved "https://registry.yarnpkg.com/@csstools/normalize.css/-/normalize.css-12.0.0.tgz#a9583a75c3f150667771f30b60d9f059473e62c4"
  integrity sha512-M0qqxAcwCsIVfpFQSlGN5XjXWu8l5JDZN+fPt1LeW5SZexQTgnaEvgXAY+CeygRw0EeppWHi12JxESWiWrB0Sg==

"@esbuild/android-arm64@0.18.15":
  version "0.18.15"
  resolved "https://registry.yarnpkg.com/@esbuild/android-arm64/-/android-arm64-0.18.15.tgz#abbe87b815d2f95ec749ffb4eba65d7d5343411f"
  integrity sha512-NI/gnWcMl2kXt1HJKOn2H69SYn4YNheKo6NZt1hyfKWdMbaGadxjZIkcj4Gjk/WPxnbFXs9/3HjGHaknCqjrww==

"@esbuild/android-arm@0.18.15":
  version "0.18.15"
  resolved "https://registry.yarnpkg.com/@esbuild/android-arm/-/android-arm-0.18.15.tgz#6afedd79c68d5d4d1e434e20a9ab620bb5849372"
  integrity sha512-wlkQBWb79/jeEEoRmrxt/yhn5T1lU236OCNpnfRzaCJHZ/5gf82uYx1qmADTBWE0AR/v7FiozE1auk2riyQd3w==

"@esbuild/android-x64@0.18.15":
  version "0.18.15"
  resolved "https://registry.yarnpkg.com/@esbuild/android-x64/-/android-x64-0.18.15.tgz#cdd886a58748b1584ad72d960c446fa958c11ab3"
  integrity sha512-FM9NQamSaEm/IZIhegF76aiLnng1kEsZl2eve/emxDeReVfRuRNmvT28l6hoFD9TsCxpK+i4v8LPpEj74T7yjA==

"@esbuild/darwin-arm64@0.18.15":
  version "0.18.15"
  resolved "https://registry.yarnpkg.com/@esbuild/darwin-arm64/-/darwin-arm64-0.18.15.tgz#648b124a6a63022adb5b0cf441e264e8f5ba4af2"
  integrity sha512-XmrFwEOYauKte9QjS6hz60FpOCnw4zaPAb7XV7O4lx1r39XjJhTN7ZpXqJh4sN6q60zbP6QwAVVA8N/wUyBH/w==

"@esbuild/darwin-x64@0.18.15":
  version "0.18.15"
  resolved "https://registry.yarnpkg.com/@esbuild/darwin-x64/-/darwin-x64-0.18.15.tgz#91cd2601c1604d123454d325e6b24fb6438350cf"
  integrity sha512-bMqBmpw1e//7Fh5GLetSZaeo9zSC4/CMtrVFdj+bqKPGJuKyfNJ5Nf2m3LknKZTS+Q4oyPiON+v3eaJ59sLB5A==

"@esbuild/freebsd-arm64@0.18.15":
  version "0.18.15"
  resolved "https://registry.yarnpkg.com/@esbuild/freebsd-arm64/-/freebsd-arm64-0.18.15.tgz#575940b0fc2f52833de4f6360445586742a8ff8b"
  integrity sha512-LoTK5N3bOmNI9zVLCeTgnk5Rk0WdUTrr9dyDAQGVMrNTh9EAPuNwSTCgaKOKiDpverOa0htPcO9NwslSE5xuLA==

"@esbuild/freebsd-x64@0.18.15":
  version "0.18.15"
  resolved "https://registry.yarnpkg.com/@esbuild/freebsd-x64/-/freebsd-x64-0.18.15.tgz#09694fc601dd8d3263a1075977ee7d3488514ef8"
  integrity sha512-62jX5n30VzgrjAjOk5orYeHFq6sqjvsIj1QesXvn5OZtdt5Gdj0vUNJy9NIpjfdNdqr76jjtzBJKf+h2uzYuTQ==

"@esbuild/linux-arm64@0.18.15":
  version "0.18.15"
  resolved "https://registry.yarnpkg.com/@esbuild/linux-arm64/-/linux-arm64-0.18.15.tgz#2f5d226b024964f2b5b6bce7c874a8ad31785fa2"
  integrity sha512-BWncQeuWDgYv0jTNzJjaNgleduV4tMbQjmk/zpPh/lUdMcNEAxy+jvneDJ6RJkrqloG7tB9S9rCrtfk/kuplsQ==

"@esbuild/linux-arm@0.18.15":
  version "0.18.15"
  resolved "https://registry.yarnpkg.com/@esbuild/linux-arm/-/linux-arm-0.18.15.tgz#172331fc66bbe89ba96e5e2ad583b2faa132d85c"
  integrity sha512-dT4URUv6ir45ZkBqhwZwyFV6cH61k8MttIwhThp2BGiVtagYvCToF+Bggyx2VI57RG4Fbt21f9TmXaYx0DeUJg==

"@esbuild/linux-ia32@0.18.15":
  version "0.18.15"
  resolved "https://registry.yarnpkg.com/@esbuild/linux-ia32/-/linux-ia32-0.18.15.tgz#fa797051131ee5f46d70c65a7edd14b6230cfc2f"
  integrity sha512-JPXORvgHRHITqfms1dWT/GbEY89u848dC08o0yK3fNskhp0t2TuNUnsrrSgOdH28ceb1hJuwyr8R/1RnyPwocw==

"@esbuild/linux-loong64@0.18.15":
  version "0.18.15"
  resolved "https://registry.yarnpkg.com/@esbuild/linux-loong64/-/linux-loong64-0.18.15.tgz#aeae1fa3d92b1486a91c0cb1cfd9c0ebe9168de4"
  integrity sha512-kArPI0DopjJCEplsVj/H+2Qgzz7vdFSacHNsgoAKpPS6W/Ndh8Oe24HRDQ5QCu4jHgN6XOtfFfLpRx3TXv/mEg==

"@esbuild/linux-mips64el@0.18.15":
  version "0.18.15"
  resolved "https://registry.yarnpkg.com/@esbuild/linux-mips64el/-/linux-mips64el-0.18.15.tgz#b63cfe356c33807c4d8ee5a75452922e98502073"
  integrity sha512-b/tmngUfO02E00c1XnNTw/0DmloKjb6XQeqxaYuzGwHe0fHVgx5/D6CWi+XH1DvkszjBUkK9BX7n1ARTOst59w==

"@esbuild/linux-ppc64@0.18.15":
  version "0.18.15"
  resolved "https://registry.yarnpkg.com/@esbuild/linux-ppc64/-/linux-ppc64-0.18.15.tgz#7dcb394e69cb47e4dc8a5960dd58b1a273d07f5d"
  integrity sha512-KXPY69MWw79QJkyvUYb2ex/OgnN/8N/Aw5UDPlgoRtoEfcBqfeLodPr42UojV3NdkoO4u10NXQdamWm1YEzSKw==

"@esbuild/linux-riscv64@0.18.15":
  version "0.18.15"
  resolved "https://registry.yarnpkg.com/@esbuild/linux-riscv64/-/linux-riscv64-0.18.15.tgz#fdfb9cf23b50d33112315e3194b9e16f7abf6c30"
  integrity sha512-komK3NEAeeGRnvFEjX1SfVg6EmkfIi5aKzevdvJqMydYr9N+pRQK0PGJXk+bhoPZwOUgLO4l99FZmLGk/L1jWg==

"@esbuild/linux-s390x@0.18.15":
  version "0.18.15"
  resolved "https://registry.yarnpkg.com/@esbuild/linux-s390x/-/linux-s390x-0.18.15.tgz#ce608d95989a502878d7cb1167df791e45268011"
  integrity sha512-632T5Ts6gQ2WiMLWRRyeflPAm44u2E/s/TJvn+BP6M5mnHSk93cieaypj3VSMYO2ePTCRqAFXtuYi1yv8uZJNA==

"@esbuild/linux-x64@0.18.15":
  version "0.18.15"
  resolved "https://registry.yarnpkg.com/@esbuild/linux-x64/-/linux-x64-0.18.15.tgz#49bbba5607702709f63b41906b4f1bcc44cf2f8e"
  integrity sha512-MsHtX0NgvRHsoOtYkuxyk4Vkmvk3PLRWfA4okK7c+6dT0Fu4SUqXAr9y4Q3d8vUf1VWWb6YutpL4XNe400iQ1g==

"@esbuild/netbsd-x64@0.18.15":
  version "0.18.15"
  resolved "https://registry.yarnpkg.com/@esbuild/netbsd-x64/-/netbsd-x64-0.18.15.tgz#08b5ccaf027c7e2174b9a19c29bebfe59dce1cfb"
  integrity sha512-djST6s+jQiwxMIVQ5rlt24JFIAr4uwUnzceuFL7BQT4CbrRtqBPueS4GjXSiIpmwVri1Icj/9pFRJ7/aScvT+A==

"@esbuild/openbsd-x64@0.18.15":
  version "0.18.15"
  resolved "https://registry.yarnpkg.com/@esbuild/openbsd-x64/-/openbsd-x64-0.18.15.tgz#38ec4223ebab562f0a89ffe20a40f05d500f89f0"
  integrity sha512-naeRhUIvhsgeounjkF5mvrNAVMGAm6EJWiabskeE5yOeBbLp7T89tAEw0j5Jm/CZAwyLe3c67zyCWH6fsBLCpw==

"@esbuild/sunos-x64@0.18.15":
  version "0.18.15"
  resolved "https://registry.yarnpkg.com/@esbuild/sunos-x64/-/sunos-x64-0.18.15.tgz#dbbebf641957a54b77f39ca9b10b0b38586799ba"
  integrity sha512-qkT2+WxyKbNIKV1AEhI8QiSIgTHMcRctzSaa/I3kVgMS5dl3fOeoqkb7pW76KwxHoriImhx7Mg3TwN/auMDsyQ==

"@esbuild/win32-arm64@0.18.15":
  version "0.18.15"
  resolved "https://registry.yarnpkg.com/@esbuild/win32-arm64/-/win32-arm64-0.18.15.tgz#7f15fe5d14b9b24eb18ca211ad92e0f5df92a18b"
  integrity sha512-HC4/feP+pB2Vb+cMPUjAnFyERs+HJN7E6KaeBlFdBv799MhD+aPJlfi/yk36SED58J9TPwI8MAcVpJgej4ud0A==

"@esbuild/win32-ia32@0.18.15":
  version "0.18.15"
  resolved "https://registry.yarnpkg.com/@esbuild/win32-ia32/-/win32-ia32-0.18.15.tgz#a6609735a4a5e8fbdeb045720bc8be46825566fa"
  integrity sha512-ovjwoRXI+gf52EVF60u9sSDj7myPixPxqzD5CmkEUmvs+W9Xd0iqISVBQn8xcx4ciIaIVlWCuTbYDOXOnOL44Q==

"@esbuild/win32-x64@0.18.15":
  version "0.18.15"
  resolved "https://registry.yarnpkg.com/@esbuild/win32-x64/-/win32-x64-0.18.15.tgz#41ee66253566124cc44bce1b4c760a87d9f5bf1d"
  integrity sha512-imUxH9a3WJARyAvrG7srLyiK73XdX83NXQkjKvQ+7vPh3ZxoLrzvPkQKKw2DwZ+RV2ZB6vBfNHP8XScAmQC3aA==

"@popperjs/core@^2.11.5", "@popperjs/core@^2.9.0":
  version "2.11.8"
  resolved "https://registry.yarnpkg.com/@popperjs/core/-/core-2.11.8.tgz#6b79032e760a0899cd4204710beede972a3a185f"
  integrity sha512-P1st0aksCrn9sGZhp8GMYwBnQsbvAWsZAX44oXNNvLHGqAOcoVxmjZiohstwQ7SqKnbR47akdNi+uleWD8+g6A==

"@rails/actioncable@^7.0.2-4":
  version "7.0.6"
  resolved "https://registry.yarnpkg.com/@rails/actioncable/-/actioncable-7.0.6.tgz#60765c8e9c357a0ba0840fb1e409caedc233ea0d"
  integrity sha512-ybBsUrIsu5geM8BtqnpM7ZA9D8uzSz+e1B4JR57NaCmasHKWap6AX5DT7NHIbp21opVet1qqoVSdsoLDqXeB2A==

"@rails/activestorage@^7.0.2-4":
  version "7.0.6"
  resolved "https://registry.yarnpkg.com/@rails/activestorage/-/activestorage-7.0.6.tgz#8b762e7142eb8332541dffa0f841d7a5026f64fd"
  integrity sha512-sLr5Uj8cnWkX9lLV7wk8mIVFt6XFOJR7mAXm0QmDnrR/YGMF4Ho5tcVRUHzlyAisRQcHp6D0zHSVgOUukF8OHg==
  dependencies:
    spark-md5 "^3.0.1"

"@types/caseless@*":
  version "0.12.2"
  resolved "https://registry.yarnpkg.com/@types/caseless/-/caseless-0.12.2.tgz#f65d3d6389e01eeb458bd54dc8f52b95a9463bc8"
  integrity sha512-6ckxMjBBD8URvjB6J3NcnuAn5Pkl7t3TizAg+xdlzzQGSPSmBcXf8KoIH0ua/i+tio+ZRUHEXp0HEmvaR4kt0w==

"@types/node@*":
  version "20.4.3"
  resolved "https://registry.yarnpkg.com/@types/node/-/node-20.4.3.tgz#ca83a5a006e0d5709a3fe8966112f26436071d81"
  integrity sha512-Yu3+r4Mn/iY6Mf0aihncZQ1qOjOUrCiodbHHY1hds5O+7BbKp9t+Li7zLO13zO8j9L2C6euz8xsYQP0rjGvVXw==

"@types/promise-polyfill@^6.0.3":
  version "6.0.4"
  resolved "https://registry.yarnpkg.com/@types/promise-polyfill/-/promise-polyfill-6.0.4.tgz#c56670c70c601264c67191a85875fe2cf98a4cfd"
  integrity sha512-GSCjjH6mDS8jgpT22rEOkZVqZcYj7i9AHJu4ntpvoohEpa0mLAKP/Kz3POMKqABaFsS4TyNHOeoyWpzycddcoQ==

"@types/request@2.48.8":
  version "2.48.8"
  resolved "https://registry.yarnpkg.com/@types/request/-/request-2.48.8.tgz#0b90fde3b655ab50976cb8c5ac00faca22f5a82c"
  integrity sha512-whjk1EDJPcAR2kYHRbFl/lKeeKYTi05A15K9bnLInCVroNDCtXce57xKdI0/rQaA3K+6q0eFyUBPmqfSndUZdQ==
  dependencies:
    "@types/caseless" "*"
    "@types/node" "*"
    "@types/tough-cookie" "*"
    form-data "^2.5.0"

"@types/tough-cookie@*":
  version "4.0.2"
  resolved "https://registry.yarnpkg.com/@types/tough-cookie/-/tough-cookie-4.0.2.tgz#6286b4c7228d58ab7866d19716f3696e03a09397"
  integrity sha512-Q5vtl1W5ue16D+nIaW8JWebSSraJVlK+EthKn7e7UcD4KWsaSJ8BqGPXNaPghgtcn/fhvrN17Tv8ksUsQpiplw==

asynckit@^0.4.0:
  version "0.4.0"
  resolved "https://registry.yarnpkg.com/asynckit/-/asynckit-0.4.0.tgz#c79ed97f7f34cb8f2ba1bc9790bcc366474b4b79"
  integrity sha512-Oei9OH4tRh0YqU3GxhX79dM/mwVgvbZJaSNaRk+bshkj0S5cfHcgYakreBjrHwatXKbz+IoIdYLxrKim2MjW0Q==

bintrees@1.0.2:
  version "1.0.2"
  resolved "https://registry.yarnpkg.com/bintrees/-/bintrees-1.0.2.tgz#49f896d6e858a4a499df85c38fb399b9aff840f8"
  integrity sha512-VOMgTMwjAaUG580SXn3LacVgjurrbMme7ZZNYGSSV7mmtY6QQRh0Eg3pwIcntQ77DErK1L0NxkbetjcoXzVwKw==

bootstrap@^5.3.1:
  version "5.3.1"
  resolved "https://registry.yarnpkg.com/bootstrap/-/bootstrap-5.3.1.tgz#8ca07040ad15d7f75891d1504cf14c5dedfb1cfe"
  integrity sha512-jzwza3Yagduci2x0rr9MeFSORjcHpt0lRZukZPZQJT1Dth5qzV7XcgGqYzi39KGAVYR8QEDVoO0ubFKOxzMG+g==

combined-stream@^1.0.6:
  version "1.0.8"
  resolved "https://registry.yarnpkg.com/combined-stream/-/combined-stream-1.0.8.tgz#c3d45a8b34fd730631a110a8a2520682b31d5a7f"
  integrity sha512-FQN4MRfuJeHf7cBbBMJFXhKSDq+2kAArBlmRBvcvFE5BB1HZKXtSFASDhdlz9zOYwxh8lDdnvmMOe/+5cdoEdg==
  dependencies:
    delayed-stream "~1.0.0"

cross-fetch@^3.1.5:
  version "3.1.8"
  resolved "https://registry.yarnpkg.com/cross-fetch/-/cross-fetch-3.1.8.tgz#0327eba65fd68a7d119f8fb2bf9334a1a7956f82"
  integrity sha512-cvA+JwZoU0Xq+h6WkMvAUqPEYy92Obet6UdKLfW60qn99ftItKjB5T+BkyWOFWe2pUyfQ+IJHmpOTznqk1M6Kg==
  dependencies:
    node-fetch "^2.6.12"

delayed-stream@~1.0.0:
  version "1.0.0"
  resolved "https://registry.yarnpkg.com/delayed-stream/-/delayed-stream-1.0.0.tgz#df3ae199acadfb7d440aaae0b29e2272b24ec619"
  integrity sha512-ZySD7Nf91aLB0RxL4KGrKHBXl7Eds1DAmEdcoVawXnLD7SDhpNgtuII2aAkg7a7QS41jxPSZ17p4VdGnMHk3MQ==

error-stack-parser@^2.0.4:
  version "2.1.4"
  resolved "https://registry.yarnpkg.com/error-stack-parser/-/error-stack-parser-2.1.4.tgz#229cb01cdbfa84440bfa91876285b94680188286"
  integrity sha512-Sk5V6wVazPhq5MhpO+AUxJn5x7XSXGl1R93Vn7i+zS15KDVxQijejNCrz8340/2bgLBjR9GtEG8ZVKONDjcqGQ==
  dependencies:
    stackframe "^1.3.4"

esbuild@^0.18.4:
  version "0.18.15"
  resolved "https://registry.yarnpkg.com/esbuild/-/esbuild-0.18.15.tgz#5b5c1a22e608afd5675f82ad466c4d2cfd723f85"
  integrity sha512-3WOOLhrvuTGPRzQPU6waSDWrDTnQriia72McWcn6UCi43GhCHrXH4S59hKMeez+IITmdUuUyvbU9JIp+t3xlPQ==
  optionalDependencies:
    "@esbuild/android-arm" "0.18.15"
    "@esbuild/android-arm64" "0.18.15"
    "@esbuild/android-x64" "0.18.15"
    "@esbuild/darwin-arm64" "0.18.15"
    "@esbuild/darwin-x64" "0.18.15"
    "@esbuild/freebsd-arm64" "0.18.15"
    "@esbuild/freebsd-x64" "0.18.15"
    "@esbuild/linux-arm" "0.18.15"
    "@esbuild/linux-arm64" "0.18.15"
    "@esbuild/linux-ia32" "0.18.15"
    "@esbuild/linux-loong64" "0.18.15"
    "@esbuild/linux-mips64el" "0.18.15"
    "@esbuild/linux-ppc64" "0.18.15"
    "@esbuild/linux-riscv64" "0.18.15"
    "@esbuild/linux-s390x" "0.18.15"
    "@esbuild/linux-x64" "0.18.15"
    "@esbuild/netbsd-x64" "0.18.15"
    "@esbuild/openbsd-x64" "0.18.15"
    "@esbuild/sunos-x64" "0.18.15"
    "@esbuild/win32-arm64" "0.18.15"
    "@esbuild/win32-ia32" "0.18.15"
    "@esbuild/win32-x64" "0.18.15"

form-data@^2.5.0:
  version "2.5.1"
  resolved "https://registry.yarnpkg.com/form-data/-/form-data-2.5.1.tgz#f2cbec57b5e59e23716e128fe44d4e5dd23895f4"
  integrity sha512-m21N3WOmEEURgk6B9GLOE4RuWOFf28Lhh9qGYeNlGq4VDXUlJy2th2slBNU8Gp8EzloYZOibZJ7t5ecIrFSjVA==
  dependencies:
    asynckit "^0.4.0"
    combined-stream "^1.0.6"
    mime-types "^2.1.12"

ilyabirman-likely@^2.4.0:
  version "2.8.0"
  resolved "https://registry.yarnpkg.com/ilyabirman-likely/-/ilyabirman-likely-2.8.0.tgz#b8f834451c76ad46fd3b843f0b4e61ec9bf64586"
  integrity sha512-jtEQ1TNGbxGf4u57HJf5n1qtIzSQvZ/Z+ghI6paCg5MdEGDag2YfXLOzWfMhgnNQZA8oFG/xcnUFNzrjC/5lZQ==

keypress.js@^2.1.5:
  version "2.1.5"
  resolved "https://registry.yarnpkg.com/keypress.js/-/keypress.js-2.1.5.tgz#38f96d1ded85f56115a0cafd9908e727bcd1b348"
  integrity sha512-PQpeWxG6vNuTT0Gq20LyAzqSpeBWtQ6DTYIJB7JMJEetgF730Om9e6y82GdEv06o1iaJiH1hh2JpSOXK3zIAdA==

mime-db@1.52.0:
  version "1.52.0"
  resolved "https://registry.yarnpkg.com/mime-db/-/mime-db-1.52.0.tgz#bbabcdc02859f4987301c856e3387ce5ec43bf70"
  integrity sha512-sPU4uV7dYlvtWJxwwxHD0PuihVNiE7TyAbQ5SWxDCB9mUYvOgroQOwYQQOKPJ8CIbE+1ETVlOoK1UC2nU3gYvg==

mime-types@^2.1.12:
  version "2.1.35"
  resolved "https://registry.yarnpkg.com/mime-types/-/mime-types-2.1.35.tgz#381a871b62a734450660ae3deee44813f70d959a"
  integrity sha512-ZDY+bPm5zTTF+YpCrAU9nK0UgICYPT0QtT1NZWFv4s++TNkcgVaT0g6+4R2uI4MjQjzysHB1zxuWL50hzaeXiw==
  dependencies:
    mime-db "1.52.0"

node-fetch@^2.6.12:
  version "2.6.12"
  resolved "https://registry.yarnpkg.com/node-fetch/-/node-fetch-2.6.12.tgz#02eb8e22074018e3d5a83016649d04df0e348fba"
  integrity sha512-C/fGU2E8ToujUivIO0H+tpQ6HWo4eEmchoPIoXtxCrVghxdKq+QOHqEZW7tuP3KlV3bC8FRMO5nMCC7Zm1VP6g==
  dependencies:
    whatwg-url "^5.0.0"

promise-polyfill@^8.1.3:
  version "8.3.0"
  resolved "https://registry.yarnpkg.com/promise-polyfill/-/promise-polyfill-8.3.0.tgz#9284810268138d103807b11f4e23d5e945a4db63"
  integrity sha512-H5oELycFml5yto/atYqmjyigJoAo3+OXwolYiH7OfQuYlAqhxNvTfiNMbV9hsC6Yp83yE5r2KTVmtrG6R9i6Pg==

spark-md5@^3.0.1:
  version "3.0.2"
  resolved "https://registry.yarnpkg.com/spark-md5/-/spark-md5-3.0.2.tgz#7952c4a30784347abcee73268e473b9c0167e3fc"
  integrity sha512-wcFzz9cDfbuqe0FZzfi2or1sgyIrsDwmPwfZC4hiNidPdPINjeUwNfv5kldczoEAcjl9Y1L3SM7Uz2PUEQzxQw==

stackframe@^1.3.4:
  version "1.3.4"
  resolved "https://registry.yarnpkg.com/stackframe/-/stackframe-1.3.4.tgz#b881a004c8c149a5e8efef37d51b16e412943310"
  integrity sha512-oeVtt7eWQS+Na6F//S4kJ2K2VbRlS9D43mAlMyVpVWovy9o+jfgH8O9agzANzaiLjclA0oYzUXEM4PurhSUChw==

tdigest@^0.1.1:
  version "0.1.2"
  resolved "https://registry.yarnpkg.com/tdigest/-/tdigest-0.1.2.tgz#96c64bac4ff10746b910b0e23b515794e12faced"
  integrity sha512-+G0LLgjjo9BZX2MfdvPfH+MKLCrxlXSYec5DaPYP1fe6Iyhf0/fSmJ0bFiZ1F8BT6cGXl2LpltQptzjXKWEkKA==
  dependencies:
    bintrees "1.0.2"

tippy.js@^6.3.7:
  version "6.3.7"
  resolved "https://registry.yarnpkg.com/tippy.js/-/tippy.js-6.3.7.tgz#8ccfb651d642010ed9a32ff29b0e9e19c5b8c61c"
  integrity sha512-E1d3oP2emgJ9dRQZdf3Kkn0qJgI6ZLpyS5z6ZkY1DF3kaQaBsGZsndEpHwx+eC+tYM41HaSNvNtLx8tU57FzTQ==
  dependencies:
    "@popperjs/core" "^2.9.0"

tr46@~0.0.3:
  version "0.0.3"
  resolved "https://registry.yarnpkg.com/tr46/-/tr46-0.0.3.tgz#8184fd347dac9cdc185992f3a6622e14b9d9ab6a"
  integrity sha512-N3WMsuqV66lT30CrXNbEjx4GEwlow3v6rr4mCcv6prnfwhS01rkgyFdjPNBYd9br7LpXV1+Emh01fHnq2Gdgrw==

webidl-conversions@^3.0.0:
  version "3.0.1"
  resolved "https://registry.yarnpkg.com/webidl-conversions/-/webidl-conversions-3.0.1.tgz#24534275e2a7bc6be7bc86611cc16ae0a5654871"
  integrity sha512-2JAn3z8AR6rjK8Sm8orRC0h/bcl/DqL7tRPdGZ4I1CjdF+EaMLmYxBHyXuKL849eucPFhvBoxMsflfOb8kxaeQ==

whatwg-url@^5.0.0:
  version "5.0.0"
  resolved "https://registry.yarnpkg.com/whatwg-url/-/whatwg-url-5.0.0.tgz#966454e8765462e37644d3626f6742ce8b70965d"
  integrity sha512-saE57nupxk6v3HY35+jzBwYa0rKSy0XR8JSxZPwgLr7ys0IBzhGviA1/TUGJLmSVqs8pb9AnvICXEuOHLprYTw==
  dependencies:
    tr46 "~0.0.3"
    webidl-conversions "^3.0.0"
